// !$*UTF8*$!
{
	archiveVersion = 1;
	classes = {
	};
	objectVersion = 50;
	objects = {

/* Begin PBXBuildFile section */
		A1BE03EA244A575900E6A260 /* AppDelegate.swift in Sources */ = {isa = PBXBuildFile; fileRef = A1BE03E9244A575900E6A260 /* AppDelegate.swift */; };
		A1BE03EC244A575900E6A260 /* SceneDelegate.swift in Sources */ = {isa = PBXBuildFile; fileRef = A1BE03EB244A575900E6A260 /* SceneDelegate.swift */; };
		A1BE03EE244A575900E6A260 /* ViewController.swift in Sources */ = {isa = PBXBuildFile; fileRef = A1BE03ED244A575900E6A260 /* ViewController.swift */; };
		A1BE03F1244A575900E6A260 /* Main.storyboard in Resources */ = {isa = PBXBuildFile; fileRef = A1BE03EF244A575900E6A260 /* Main.storyboard */; };
		A1BE03F3244A575B00E6A260 /* Assets.xcassets in Resources */ = {isa = PBXBuildFile; fileRef = A1BE03F2244A575B00E6A260 /* Assets.xcassets */; };
		A1BE03F6244A575B00E6A260 /* LaunchScreen.storyboard in Resources */ = {isa = PBXBuildFile; fileRef = A1BE03F4244A575B00E6A260 /* LaunchScreen.storyboard */; };
/* End PBXBuildFile section */

/* Begin PBXFileReference section */
		A1BE03E6244A575900E6A260 /* Covid19 Detection.app */ = {isa = PBXFileReference; explicitFileType = wrapper.application; includeInIndex = 0; path = "Covid19 Detection.app"; sourceTree = BUILT_PRODUCTS_DIR; };
		A1BE03E9244A575900E6A260 /* AppDelegate.swift */ = {isa = PBXFileReference; lastKnownFileType = sourcecode.swift; path = AppDelegate.swift; sourceTree = "<group>"; };
		A1BE03EB244A575900E6A260 /* SceneDelegate.swift */ = {isa = PBXFileReference; lastKnownFileType = sourcecode.swift; path = SceneDelegate.swift; sourceTree = "<group>"; };
		A1BE03ED244A575900E6A260 /* ViewController.swift */ = {isa = PBXFileReference; lastKnownFileType = sourcecode.swift; path = ViewController.swift; sourceTree = "<group>"; };
		A1BE03F0244A575900E6A260 /* Base */ = {isa = PBXFileReference; lastKnownFileType = file.storyboard; name = Base; path = Base.lproj/Main.storyboard; sourceTree = "<group>"; };
		A1BE03F2244A575B00E6A260 /* Assets.xcassets */ = {isa = PBXFileReference; lastKnownFileType = folder.assetcatalog; path = Assets.xcassets; sourceTree = "<group>"; };
		A1BE03F5244A575B00E6A260 /* Base */ = {isa = PBXFileReference; lastKnownFileType = file.storyboard; name = Base; path = Base.lproj/LaunchScreen.storyboard; sourceTree = "<group>"; };
		A1BE03F7244A575B00E6A260 /* Info.plist */ = {isa = PBXFileReference; lastKnownFileType = text.plist.xml; path = Info.plist; sourceTree = "<group>"; };
/* End PBXFileReference section */

/* Begin PBXFrameworksBuildPhase section */
		A1BE03E3244A575900E6A260 /* Frameworks */ = {
			isa = PBXFrameworksBuildPhase;
			buildActionMask = 2147483647;
			files = (
			);
			runOnlyForDeploymentPostprocessing = 0;
		};
/* End PBXFrameworksBuildPhase section */

/* Begin PBXGroup section */
		A1BE03DD244A575900E6A260 = {
			isa = PBXGroup;
			children = (
				A1BE03E8244A575900E6A260 /* Covid19 Detection */,
				A1BE03E7244A575900E6A260 /* Products */,
			);
			sourceTree = "<group>";
		};
		A1BE03E7244A575900E6A260 /* Products */ = {
			isa = PBXGroup;
			children = (
				A1BE03E6244A575900E6A260 /* Covid19 Detection.app */,
			);
			name = Products;
			sourceTree = "<group>";
		};
		A1BE03E8244A575900E6A260 /* Covid19 Detection */ = {
			isa = PBXGroup;
			children = (
				A1BE03E9244A575900E6A260 /* AppDelegate.swift */,
				A1BE03EB244A575900E6A260 /* SceneDelegate.swift */,
				A1BE03ED244A575900E6A260 /* ViewController.swift */,
				A1BE03EF244A575900E6A260 /* Main.storyboard */,
				A1BE03F2244A575B00E6A260 /* Assets.xcassets */,
				A1BE03F4244A575B00E6A260 /* LaunchScreen.storyboard */,
				A1BE03F7244A575B00E6A260 /* Info.plist */,
			);
			path = "Covid19 Detection";
			sourceTree = "<group>";
		};
/* End PBXGroup section */

/* Begin PBXNativeTarget section */
		A1BE03E5244A575900E6A260 /* Covid19 Detection */ = {
			isa = PBXNativeTarget;
			buildConfigurationList = A1BE03FA244A575B00E6A260 /* Build configuration list for PBXNativeTarget "Covid19 Detection" */;
			buildPhases = (
				A1BE03E2244A575900E6A260 /* Sources */,
				A1BE03E3244A575900E6A260 /* Frameworks */,
				A1BE03E4244A575900E6A260 /* Resources */,
			);
			buildRules = (
			);
			dependencies = (
			);
			name = "Covid19 Detection";
			productName = "Covid19 Detection";
			productReference = A1BE03E6244A575900E6A260 /* Covid19 Detection.app */;
			productType = "com.apple.product-type.application";
		};
/* End PBXNativeTarget section */

/* Begin PBXProject section */
		A1BE03DE244A575900E6A260 /* Project object */ = {
			isa = PBXProject;
			attributes = {
				LastSwiftUpdateCheck = 1140;
				LastUpgradeCheck = 1140;
				ORGANIZATIONNAME = "Skytells, Inc.";
				TargetAttributes = {
					A1BE03E5244A575900E6A260 = {
						CreatedOnToolsVersion = 11.4;
					};
				};
			};
			buildConfigurationList = A1BE03E1244A575900E6A260 /* Build configuration list for PBXProject "Covid19 Detection" */;
			compatibilityVersion = "Xcode 9.3";
			developmentRegion = en;
			hasScannedForEncodings = 0;
			knownRegions = (
				en,
				Base,
			);
			mainGroup = A1BE03DD244A575900E6A260;
			productRefGroup = A1BE03E7244A575900E6A260 /* Products */;
			projectDirPath = "";
			projectRoot = "";
			targets = (
				A1BE03E5244A575900E6A260 /* Covid19 Detection */,
			);
		};
/* End PBXProject section */

/* Begin PBXResourcesBuildPhase section */
		A1BE03E4244A575900E6A260 /* Resources */ = {
			isa = PBXResourcesBuildPhase;
			buildActionMask = 2147483647;
			files = (
				A1BE03F6244A575B00E6A260 /* LaunchScreen.storyboard in Resources */,
				A1BE03F3244A575B00E6A260 /* Assets.xcassets in Resources */,
				A1BE03F1244A575900E6A260 /* Main.storyboard in Resources */,
			);
			runOnlyForDeploymentPostprocessing = 0;
		};
/* End PBXResourcesBuildPhase section */

/* Begin PBXSourcesBuildPhase section */
		A1BE03E2244A575900E6A260 /* Sources */ = {
			isa = PBXSourcesBuildPhase;
			buildActionMask = 2147483647;
			files = (
				A1BE03EE244A575900E6A260 /* ViewController.swift in Sources */,
				A1BE03EA244A575900E6A260 /* AppDelegate.swift in Sources */,
				A1BE03EC244A575900E6A260 /* SceneDelegate.swift in Sources */,
			);
			runOnlyForDeploymentPostprocessing = 0;
		};
/* End PBXSourcesBuildPhase section */

/* Begin PBXVariantGroup section */
		A1BE03EF244A575900E6A260 /* Main.storyboard */ = {
			isa = PBXVariantGroup;
			children = (
				A1BE03F0244A575900E6A260 /* Base */,
			);
			name = Main.storyboard;
			sourceTree = "<group>";
		};
		A1BE03F4244A575B00E6A260 /* LaunchScreen.storyboard */ = {
			isa = PBXVariantGroup;
			children = (
				A1BE03F5244A575B00E6A260 /* Base */,
			);
			name = LaunchScreen.storyboard;
			sourceTree = "<group>";
		};
/* End PBXVariantGroup section */

/* Begin XCBuildConfiguration section */
		A1BE03F8244A575B00E6A260 /* Debug */ = {
			isa = XCBuildConfiguration;
			buildSettings = {
				ALWAYS_SEARCH_USER_PATHS = NO;
				CLANG_ANALYZER_NONNULL = YES;
				CLANG_ANALYZER_NUMBER_OBJECT_CONVERSION = YES_AGGRESSIVE;
				CLANG_CXX_LANGUAGE_STANDARD = "gnu++14";
				CLANG_CXX_LIBRARY = "libc++";
				CLANG_ENABLE_MODULES = YES;
				CLANG_ENABLE_OBJC_ARC = YES;
				CLANG_ENABLE_OBJC_WEAK = YES;
				CLANG_WARN_BLOCK_CAPTURE_AUTORELEASING = YES;
				CLANG_WARN_BOOL_CONVERSION = YES;
				CLANG_WARN_COMMA = YES;
				CLANG_WARN_CONSTANT_CONVERSION = YES;
				CLANG_WARN_DEPRECATED_OBJC_IMPLEMENTATIONS = YES;
				CLANG_WARN_DIRECT_OBJC_ISA_USAGE = YES_ERROR;
				CLANG_WARN_DOCUMENTATION_COMMENTS = YES;
				CLANG_WARN_EMPTY_BODY = YES;
				CLANG_WARN_ENUM_CONVERSION = YES;
				CLANG_WARN_INFINITE_RECURSION = YES;
				CLANG_WARN_INT_CONVERSION = YES;
				CLANG_WARN_NON_LITERAL_NULL_CONVERSION = YES;
				CLANG_WARN_OBJC_IMPLICIT_RETAIN_SELF = YES;
				CLANG_WARN_OBJC_LITERAL_CONVERSION = YES;
				CLANG_WARN_OBJC_ROOT_CLASS = YES_ERROR;
				CLANG_WARN_RANGE_LOOP_ANALYSIS = YES;
				CLANG_WARN_STRICT_PROTOTYPES = YES;
				CLANG_WARN_SUSPICIOUS_MOVE = YES;
				CLANG_WARN_UNGUARDED_AVAILABILITY = YES_AGGRESSIVE;
				CLANG_WARN_UNREACHABLE_CODE = YES;
				CLANG_WARN__DUPLICATE_METHOD_MATCH = YES;
				COPY_PHASE_STRIP = NO;
				DEBUG_INFORMATION_FORMAT = dwarf;
				ENABLE_STRICT_OBJC_MSGSEND = YES;
				ENABLE_TESTABILITY = YES;
				GCC_C_LANGUAGE_STANDARD = gnu11;
				GCC_DYNAMIC_NO_PIC = NO;
				GCC_NO_COMMON_BLOCKS = YES;
				GCC_OPTIMIZATION_LEVEL = 0;
				GCC_PREPROCESSOR_DEFINITIONS = (
					"DEBUG=1",
					"$(inherited)",
				);
				GCC_WARN_64_TO_32_BIT_CONVERSION = YES;
				GCC_WARN_ABOUT_RETURN_TYPE = YES_ERROR;
				GCC_WARN_UNDECLARED_SELECTOR = YES;
				GCC_WARN_UNINITIALIZED_AUTOS = YES_AGGRESSIVE;
				GCC_WARN_UNUSED_FUNCTION = YES;
				GCC_WARN_UNUSED_VARIABLE = YES;
				IPHONEOS_DEPLOYMENT_TARGET = 13.4;
				MTL_ENABLE_DEBUG_INFO = INCLUDE_SOURCE;
				MTL_FAST_MATH = YES;
				ONLY_ACTIVE_ARCH = YES;
				SDKROOT = iphoneos;
				SWIFT_ACTIVE_COMPILATION_CONDITIONS = DEBUG;
				SWIFT_OPTIMIZATION_LEVEL = "-Onone";
			};
			name = Debug;
		};
		A1BE03F9244A575B00E6A260 /* Release */ = {
			isa = XCBuildConfiguration;
			buildSettings = {
				ALWAYS_SEARCH_USER_PATHS = NO;
				CLANG_ANALYZER_NONNULL = YES;
				CLANG_ANALYZER_NUMBER_OBJECT_CONVERSION = YES_AGGRESSIVE;
				CLANG_CXX_LANGUAGE_STANDARD = "gnu++14";
				CLANG_CXX_LIBRARY = "libc++";
				CLANG_ENABLE_MODULES = YES;
				CLANG_ENABLE_OBJC_ARC = YES;
				CLANG_ENABLE_OBJC_WEAK = YES;
				CLANG_WARN_BLOCK_CAPTURE_AUTORELEASING = YES;
				CLANG_WARN_BOOL_CONVERSION = YES;
				CLANG_WARN_COMMA = YES;
				CLANG_WARN_CONSTANT_CONVERSION = YES;
				CLANG_WARN_DEPRECATED_OBJC_IMPLEMENTATIONS = YES;
				CLANG_WARN_DIRECT_OBJC_ISA_USAGE = YES_ERROR;
				CLANG_WARN_DOCUMENTATION_COMMENTS = YES;
				CLANG_WARN_EMPTY_BODY = YES;
				CLANG_WARN_ENUM_CONVERSION = YES;
				CLANG_WARN_INFINITE_RECURSION = YES;
				CLANG_WARN_INT_CONVERSION = YES;
				CLANG_WARN_NON_LITERAL_NULL_CONVERSION = YES;
				CLANG_WARN_OBJC_IMPLICIT_RETAIN_SELF = YES;
				CLANG_WARN_OBJC_LITERAL_CONVERSION = YES;
				CLANG_WARN_OBJC_ROOT_CLASS = YES_ERROR;
				CLANG_WARN_RANGE_LOOP_ANALYSIS = YES;
				CLANG_WARN_STRICT_PROTOTYPES = YES;
				CLANG_WARN_SUSPICIOUS_MOVE = YES;
				CLANG_WARN_UNGUARDED_AVAILABILITY = YES_AGGRESSIVE;
				CLANG_WARN_UNREACHABLE_CODE = YES;
				CLANG_WARN__DUPLICATE_METHOD_MATCH = YES;
				COPY_PHASE_STRIP = NO;
				DEBUG_INFORMATION_FORMAT = "dwarf-with-dsym";
				ENABLE_NS_ASSERTIONS = NO;
				ENABLE_STRICT_OBJC_MSGSEND = YES;
				GCC_C_LANGUAGE_STANDARD = gnu11;
				GCC_NO_COMMON_BLOCKS = YES;
				GCC_WARN_64_TO_32_BIT_CONVERSION = YES;
				GCC_WARN_ABOUT_RETURN_TYPE = YES_ERROR;
				GCC_WARN_UNDECLARED_SELECTOR = YES;
				GCC_WARN_UNINITIALIZED_AUTOS = YES_AGGRESSIVE;
				GCC_WARN_UNUSED_FUNCTION = YES;
				GCC_WARN_UNUSED_VARIABLE = YES;
				IPHONEOS_DEPLOYMENT_TARGET = 13.4;
				MTL_ENABLE_DEBUG_INFO = NO;
				MTL_FAST_MATH = YES;
				SDKROOT = iphoneos;
				SWIFT_COMPILATION_MODE = wholemodule;
				SWIFT_OPTIMIZATION_LEVEL = "-O";
				VALIDATE_PRODUCT = YES;
			};
			name = Release;
		};
		A1BE03FB244A575B00E6A260 /* Debug */ = {
			isa = XCBuildConfiguration;
			buildSettings = {
				ASSETCATALOG_COMPILER_APPICON_NAME = AppIcon;
				CODE_SIGN_STYLE = Automatic;
				DEVELOPMENT_TEAM = AMJ453QYKS;
				INFOPLIST_FILE = "Covid19 Detection/Info.plist";
				LD_RUNPATH_SEARCH_PATHS = (
					"$(inherited)",
					"@executable_path/Frameworks",
				);
				PRODUCT_BUNDLE_IDENTIFIER = "Skytells.Covid19-Detection";
				PRODUCT_NAME = "$(TARGET_NAME)";
				SWIFT_VERSION = 5.0;
				TARGETED_DEVICE_FAMILY = "1,2";
			};
			name = Debug;
		};
		A1BE03FC244A575B00E6A260 /* Release */ = {
			isa = XCBuildConfiguration;
			buildSettings = {
				ASSETCATALOG_COMPILER_APPICON_NAME = AppIcon;
				CODE_SIGN_STYLE = Automatic;
				DEVELOPMENT_TEAM = AMJ453QYKS;
				INFOPLIST_FILE = "Covid19 Detection/Info.plist";
				LD_RUNPATH_SEARCH_PATHS = (
					"$(inherited)",
					"@executable_path/Frameworks",
				);
				PRODUCT_BUNDLE_IDENTIFIER = "Skytells.Covid19-Detection";
				PRODUCT_NAME = "$(TARGET_NAME)";
				SWIFT_VERSION = 5.0;
				TARGETED_DEVICE_FAMILY = "1,2";
			};
			name = Release;
		};
/* End XCBuildConfiguration section */

/* Begin XCConfigurationList section */
		A1BE03E1244A575900E6A260 /* Build configuration list for PBXProject "Covid19 Detection" */ = {
			isa = XCConfigurationList;
			buildConfigurations = (
				A1BE03F8244A575B00E6A260 /* Debug */,
				A1BE03F9244A575B00E6A260 /* Release */,
			);
			defaultConfigurationIsVisible = 0;
			defaultConfigurationName = Release;
		};
		A1BE03FA244A575B00E6A260 /* Build configuration list for PBXNativeTarget "Covid19 Detection" */ = {
			isa = XCConfigurationList;
			buildConfigurations = (
				A1BE03FB244A575B00E6A260 /* Debug */,
				A1BE03FC244A575B00E6A260 /* Release */,
			);
			defaultConfigurationIsVisible = 0;
			defaultConfigurationName = Release;
		};
/* End XCConfigurationList section */
	};
	rootObject = A1BE03DE244A575900E6A260 /* Project object */;
}
