// !$*UTF8*$!
{
	archiveVersion = 1;
	classes = {
	};
	objectVersion = 48;
	objects = {

/* Begin PBXBuildFile section */
		A19828B9244BC98A0041A8A4 /* DeepBrain.mlmodel in Sources */ = {isa = PBXBuildFile; fileRef = A19828B8244BC98A0041A8A4 /* DeepBrain.mlmodel */; };
		B5A391931F01122100679C54 /* AppDelegate.swift in Sources */ = {isa = PBXBuildFile; fileRef = B5A391921F01122100679C54 /* AppDelegate.swift */; };
		B5A391951F01122100679C54 /* ViewController.swift in Sources */ = {isa = PBXBuildFile; fileRef = B5A391941F01122100679C54 /* ViewController.swift */; };
		B5A391981F01122100679C54 /* Main.storyboard in Resources */ = {isa = PBXBuildFile; fileRef = B5A391961F01122100679C54 /* Main.storyboard */; };
		B5A3919A1F01122100679C54 /* Assets.xcassets in Resources */ = {isa = PBXBuildFile; fileRef = B5A391991F01122100679C54 /* Assets.xcassets */; };
		B5A3919D1F01122100679C54 /* LaunchScreen.storyboard in Resources */ = {isa = PBXBuildFile; fileRef = B5A3919B1F01122100679C54 /* LaunchScreen.storyboard */; };
/* End PBXBuildFile section */

/* Begin PBXFileReference section */
		A19828B8244BC98A0041A8A4 /* DeepBrain.mlmodel */ = {isa = PBXFileReference; lastKnownFileType = file.mlmodel; path = DeepBrain.mlmodel; sourceTree = SOURCE_ROOT; };
		B5A3918F1F01122100679C54 /* DeepBrain Live.app */ = {isa = PBXFileReference; explicitFileType = wrapper.application; includeInIndex = 0; path = "DeepBrain Live.app"; sourceTree = BUILT_PRODUCTS_DIR; };
		B5A391921F01122100679C54 /* AppDelegate.swift */ = {isa = PBXFileReference; lastKnownFileType = sourcecode.swift; path = AppDelegate.swift; sourceTree = "<group>"; };
		B5A391941F01122100679C54 /* ViewController.swift */ = {isa = PBXFileReference; lastKnownFileType = sourcecode.swift; path = ViewController.swift; sourceTree = "<group>"; };
		B5A391971F01122100679C54 /* Base */ = {isa = PBXFileReference; lastKnownFileType = file.storyboard; name = Base; path = Base.lproj/Main.storyboard; sourceTree = "<group>"; };
		B5A391991F01122100679C54 /* Assets.xcassets */ = {isa = PBXFileReference; lastKnownFileType = folder.assetcatalog; path = Assets.xcassets; sourceTree = "<group>"; };
		B5A3919C1F01122100679C54 /* Base */ = {isa = PBXFileReference; lastKnownFileType = file.storyboard; name = Base; path = Base.lproj/LaunchScreen.storyboard; sourceTree = "<group>"; };
		B5A3919E1F01122100679C54 /* Info.plist */ = {isa = PBXFileReference; lastKnownFileType = text.plist.xml; path = Info.plist; sourceTree = "<group>"; };
/* End PBXFileReference section */

/* Begin PBXFrameworksBuildPhase section */
		B5A3918C1F01122100679C54 /* Frameworks */ = {
			isa = PBXFrameworksBuildPhase;
			buildActionMask = 2147483647;
			files = (
			);
			runOnlyForDeploymentPostprocessing = 0;
		};
/* End PBXFrameworksBuildPhase section */

/* Begin PBXGroup section */
		B5A391861F01122100679C54 = {
			isa = PBXGroup;
			children = (
				B5A391911F01122100679C54 /* VisionAI */,
				B5A391901F01122100679C54 /* Products */,
			);
			sourceTree = "<group>";
		};
		B5A391901F01122100679C54 /* Products */ = {
			isa = PBXGroup;
			children = (
				B5A3918F1F01122100679C54 /* DeepBrain Live.app */,
			);
			name = Products;
			sourceTree = "<group>";
		};
		B5A391911F01122100679C54 /* VisionAI */ = {
			isa = PBXGroup;
			children = (
				B5A391921F01122100679C54 /* AppDelegate.swift */,
				B5A391941F01122100679C54 /* ViewController.swift */,
				B5A391961F01122100679C54 /* Main.storyboard */,
				A19828B8244BC98A0041A8A4 /* DeepBrain.mlmodel */,
				B5A391991F01122100679C54 /* Assets.xcassets */,
				B5A3919B1F01122100679C54 /* LaunchScreen.storyboard */,
				B5A3919E1F01122100679C54 /* Info.plist */,
			);
			path = VisionAI;
			sourceTree = "<group>";
		};
/* End PBXGroup section */

/* Begin PBXNativeTarget section */
		B5A3918E1F01122100679C54 /* DeepBrain Live */ = {
			isa = PBXNativeTarget;
			buildConfigurationList = B5A391B71F01122100679C54 /* Build configuration list for PBXNativeTarget "DeepBrain Live" */;
			buildPhases = (
				B5A3918B1F01122100679C54 /* Sources */,
				B5A3918C1F01122100679C54 /* Frameworks */,
				B5A3918D1F01122100679C54 /* Resources */,
			);
			buildRules = (
			);
			dependencies = (
			);
			name = "DeepBrain Live";
			productName = "Object Detector";
			productReference = B5A3918F1F01122100679C54 /* DeepBrain Live.app */;
			productType = "com.apple.product-type.application";
		};
/* End PBXNativeTarget section */

/* Begin PBXProject section */
		B5A391871F01122100679C54 /* Project object */ = {
			isa = PBXProject;
			attributes = {
				LastSwiftUpdateCheck = 0900;
				LastUpgradeCheck = 0900;
				ORGANIZATIONNAME = "Skytells, Inc.";
				TargetAttributes = {
					B5A3918E1F01122100679C54 = {
						CreatedOnToolsVersion = 9.0;
					};
				};
			};
			buildConfigurationList = B5A3918A1F01122100679C54 /* Build configuration list for PBXProject "DeepBrain Live" */;
			compatibilityVersion = "Xcode 8.0";
			developmentRegion = en;
			hasScannedForEncodings = 0;
			knownRegions = (
				en,
				Base,
			);
			mainGroup = B5A391861F01122100679C54;
			productRefGroup = B5A391901F01122100679C54 /* Products */;
			projectDirPath = "";
			projectRoot = "";
			targets = (
				B5A3918E1F01122100679C54 /* DeepBrain Live */,
			);
		};
/* End PBXProject section */

/* Begin PBXResourcesBuildPhase section */
		B5A3918D1F01122100679C54 /* Resources */ = {
			isa = PBXResourcesBuildPhase;
			buildActionMask = 2147483647;
			files = (
				B5A3919D1F01122100679C54 /* LaunchScreen.storyboard in Resources */,
				B5A3919A1F01122100679C54 /* Assets.xcassets in Resources */,
				B5A391981F01122100679C54 /* Main.storyboard in Resources */,
			);
			runOnlyForDeploymentPostprocessing = 0;
		};
/* End PBXResourcesBuildPhase section */

/* Begin PBXSourcesBuildPhase section */
		B5A3918B1F01122100679C54 /* Sources */ = {
			isa = PBXSourcesBuildPhase;
			buildActionMask = 2147483647;
			files = (
				B5A391951F01122100679C54 /* ViewController.swift in Sources */,
				B5A391931F01122100679C54 /* AppDelegate.swift in Sources */,
				A19828B9244BC98A0041A8A4 /* DeepBrain.mlmodel in Sources */,
			);
			runOnlyForDeploymentPostprocessing = 0;
		};
/* End PBXSourcesBuildPhase section */

/* Begin PBXVariantGroup section */
		B5A391961F01122100679C54 /* Main.storyboard */ = {
			isa = PBXVariantGroup;
			children = (
				B5A391971F01122100679C54 /* Base */,
			);
			name = Main.storyboard;
			sourceTree = "<group>";
		};
		B5A3919B1F01122100679C54 /* LaunchScreen.storyboard */ = {
			isa = PBXVariantGroup;
			children = (
				B5A3919C1F01122100679C54 /* Base */,
			);
			name = LaunchScreen.storyboard;
			sourceTree = "<group>";
		};
/* End PBXVariantGroup section */

/* Begin XCBuildConfiguration section */
		B5A391B51F01122100679C54 /* Debug */ = {
			isa = XCBuildConfiguration;
			buildSettings = {
				ALWAYS_SEARCH_USER_PATHS = NO;
				CLANG_ANALYZER_NONNULL = YES;
				CLANG_ANALYZER_NUMBER_OBJECT_CONVERSION = YES_AGGRESSIVE;
				CLANG_CXX_LANGUAGE_STANDARD = "gnu++14";
				CLANG_CXX_LIBRARY = "libc++";
				CLANG_ENABLE_MODULES = YES;
				CLANG_ENABLE_OBJC_ARC = YES;
				CLANG_WARN_BLOCK_CAPTURE_AUTORELEASING = YES;
				CLANG_WARN_BOOL_CONVERSION = YES;
				CLANG_WARN_COMMA = YES;
				CLANG_WARN_CONSTANT_CONVERSION = YES;
				CLANG_WARN_DIRECT_OBJC_ISA_USAGE = YES_ERROR;
				CLANG_WARN_DOCUMENTATION_COMMENTS = YES;
				CLANG_WARN_EMPTY_BODY = YES;
				CLANG_WARN_ENUM_CONVERSION = YES;
				CLANG_WARN_INFINITE_RECURSION = YES;
				CLANG_WARN_INT_CONVERSION = YES;
				CLANG_WARN_OBJC_ROOT_CLASS = YES_ERROR;
				CLANG_WARN_RANGE_LOOP_ANALYSIS = YES;
				CLANG_WARN_STRICT_PROTOTYPES = YES;
				CLANG_WARN_SUSPICIOUS_MOVE = YES;
				CLANG_WARN_UNGUARDED_AVAILABILITY = YES_AGGRESSIVE;
				CLANG_WARN_UNREACHABLE_CODE = YES;
				CLANG_WARN__DUPLICATE_METHOD_MATCH = YES;
				CODE_SIGN_IDENTITY = "iPhone Developer";
				COPY_PHASE_STRIP = NO;
				DEBUG_INFORMATION_FORMAT = dwarf;
				ENABLE_STRICT_OBJC_MSGSEND = YES;
				ENABLE_TESTABILITY = YES;
				GCC_C_LANGUAGE_STANDARD = gnu11;
				GCC_DYNAMIC_NO_PIC = NO;
				GCC_NO_COMMON_BLOCKS = YES;
				GCC_OPTIMIZATION_LEVEL = 0;
				GCC_PREPROCESSOR_DEFINITIONS = (
					"DEBUG=1",
					"$(inherited)",
				);
				GCC_WARN_64_TO_32_BIT_CONVERSION = YES;
				GCC_WARN_ABOUT_RETURN_TYPE = YES_ERROR;
				GCC_WARN_UNDECLARED_SELECTOR = YES;
				GCC_WARN_UNINITIALIZED_AUTOS = YES_AGGRESSIVE;
				GCC_WARN_UNUSED_FUNCTION = YES;
				GCC_WARN_UNUSED_VARIABLE = YES;
				IPHONEOS_DEPLOYMENT_TARGET = 11.0;
				MTL_ENABLE_DEBUG_INFO = YES;
				ONLY_ACTIVE_ARCH = YES;
				SDKROOT = iphoneos;
				SWIFT_ACTIVE_COMPILATION_CONDITIONS = DEBUG;
				SWIFT_OPTIMIZATION_LEVEL = "-Onone";
			};
			name = Debug;
		};
		B5A391B61F01122100679C54 /* Release */ = {
			isa = XCBuildConfiguration;
			buildSettings = {
				ALWAYS_SEARCH_USER_PATHS = NO;
				CLANG_ANALYZER_NONNULL = YES;
				CLANG_ANALYZER_NUMBER_OBJECT_CONVERSION = YES_AGGRESSIVE;
				CLANG_CXX_LANGUAGE_STANDARD = "gnu++14";
				CLANG_CXX_LIBRARY = "libc++";
				CLANG_ENABLE_MODULES = YES;
				CLANG_ENABLE_OBJC_ARC = YES;
				CLANG_WARN_BLOCK_CAPTURE_AUTORELEASING = YES;
				CLANG_WARN_BOOL_CONVERSION = YES;
				CLANG_WARN_COMMA = YES;
				CLANG_WARN_CONSTANT_CONVERSION = YES;
				CLANG_WARN_DIRECT_OBJC_ISA_USAGE = YES_ERROR;
				CLANG_WARN_DOCUMENTATION_COMMENTS = YES;
				CLANG_WARN_EMPTY_BODY = YES;
				CLANG_WARN_ENUM_CONVERSION = YES;
				CLANG_WARN_INFINITE_RECURSION = YES;
				CLANG_WARN_INT_CONVERSION = YES;
				CLANG_WARN_OBJC_ROOT_CLASS = YES_ERROR;
				CLANG_WARN_RANGE_LOOP_ANALYSIS = YES;
				CLANG_WARN_STRICT_PROTOTYPES = YES;
				CLANG_WARN_SUSPICIOUS_MOVE = YES;
				CLANG_WARN_UNGUARDED_AVAILABILITY = YES_AGGRESSIVE;
				CLANG_WARN_UNREACHABLE_CODE = YES;
				CLANG_WARN__DUPLICATE_METHOD_MATCH = YES;
				CODE_SIGN_IDENTITY = "iPhone Developer";
				COPY_PHASE_STRIP = NO;
				DEBUG_INFORMATION_FORMAT = "dwarf-with-dsym";
				ENABLE_NS_ASSERTIONS = NO;
				ENABLE_STRICT_OBJC_MSGSEND = YES;
				GCC_C_LANGUAGE_STANDARD = gnu11;
				GCC_NO_COMMON_BLOCKS = YES;
				GCC_WARN_64_TO_32_BIT_CONVERSION = YES;
				GCC_WARN_ABOUT_RETURN_TYPE = YES_ERROR;
				GCC_WARN_UNDECLARED_SELECTOR = YES;
				GCC_WARN_UNINITIALIZED_AUTOS = YES_AGGRESSIVE;
				GCC_WARN_UNUSED_FUNCTION = YES;
				GCC_WARN_UNUSED_VARIABLE = YES;
				IPHONEOS_DEPLOYMENT_TARGET = 11.0;
				MTL_ENABLE_DEBUG_INFO = NO;
				SDKROOT = iphoneos;
				SWIFT_OPTIMIZATION_LEVEL = "-Owholemodule";
				VALIDATE_PRODUCT = YES;
			};
			name = Release;
		};
		B5A391B81F01122100679C54 /* Debug */ = {
			isa = XCBuildConfiguration;
			buildSettings = {
				ASSETCATALOG_COMPILER_APPICON_NAME = AppIcon;
				DEVELOPMENT_TEAM = AMJ453QYKS;
				INFOPLIST_FILE = "Object Detector/Info.plist";
				IPHONEOS_DEPLOYMENT_TARGET = 12.0;
				LD_RUNPATH_SEARCH_PATHS = "$(inherited) @executable_path/Frameworks";
				PRODUCT_BUNDLE_IDENTIFIER = Skytells.Research.DeepBrain;
				PRODUCT_NAME = "DeepBrain Live";
				SWIFT_VERSION = 4.0;
				TARGETED_DEVICE_FAMILY = "1,2";
			};
			name = Debug;
		};
		B5A391B91F01122100679C54 /* Release */ = {
			isa = XCBuildConfiguration;
			buildSettings = {
				ASSETCATALOG_COMPILER_APPICON_NAME = AppIcon;
				DEVELOPMENT_TEAM = AMJ453QYKS;
				INFOPLIST_FILE = "Object Detector/Info.plist";
				IPHONEOS_DEPLOYMENT_TARGET = 12.0;
				LD_RUNPATH_SEARCH_PATHS = "$(inherited) @executable_path/Frameworks";
				PRODUCT_BUNDLE_IDENTIFIER = Skytells.Research.DeepBrain;
				PRODUCT_NAME = "DeepBrain Live";
				SWIFT_VERSION = 4.0;
				TARGETED_DEVICE_FAMILY = "1,2";
			};
			name = Release;
		};
/* End XCBuildConfiguration section */

/* Begin XCConfigurationList section */
		B5A3918A1F01122100679C54 /* Build configuration list for PBXProject "DeepBrain Live" */ = {
			isa = XCConfigurationList;
			buildConfigurations = (
				B5A391B51F01122100679C54 /* Debug */,
				B5A391B61F01122100679C54 /* Release */,
			);
			defaultConfigurationIsVisible = 0;
			defaultConfigurationName = Release;
		};
		B5A391B71F01122100679C54 /* Build configuration list for PBXNativeTarget "DeepBrain Live" */ = {
			isa = XCConfigurationList;
			buildConfigurations = (
				B5A391B81F01122100679C54 /* Debug */,
				B5A391B91F01122100679C54 /* Release */,
			);
			defaultConfigurationIsVisible = 0;
			defaultConfigurationName = Release;
		};
/* End XCConfigurationList section */
	};
	rootObject = B5A391871F01122100679C54 /* Project object */;
}
